// !$*UTF8*$!
{
	archiveVersion = 1;
	classes = {
	};
	objectVersion = 56;
	objects = {

/* Begin PBXBuildFile section */
		6E1439DF293A4DF200134537 /* GeometryReader.swift in Sources */ = {isa = PBXBuildFile; fileRef = 6E1439DE293A4DF200134537 /* GeometryReader.swift */; };
		6E1439E2293A4ECA00134537 /* CustomButton.swift in Sources */ = {isa = PBXBuildFile; fileRef = 6E1439E1293A4ECA00134537 /* CustomButton.swift */; };
		6E1439E5293A4F4300134537 /* Padding.swift in Sources */ = {isa = PBXBuildFile; fileRef = 6E1439E4293A4F4300134537 /* Padding.swift */; };
		6E16D0AE2937A77A003F7059 /* SocialLoginButtonModel.swift in Sources */ = {isa = PBXBuildFile; fileRef = 6E16D0AD2937A77A003F7059 /* SocialLoginButtonModel.swift */; };
		6E16D0B42937AB3C003F7059 /* Localizable.strings in Resources */ = {isa = PBXBuildFile; fileRef = 6E16D0B62937AB3C003F7059 /* Localizable.strings */; };
		6E16D0B82937ABAB003F7059 /* LocaleKeys.swift in Sources */ = {isa = PBXBuildFile; fileRef = 6E16D0B72937ABAB003F7059 /* LocaleKeys.swift */; };
		6E2A2FB229C9F1FE00442010 /* OnBoardViewModel.swift in Sources */ = {isa = PBXBuildFile; fileRef = 6E2A2FB129C9F1FE00442010 /* OnBoardViewModel.swift */; };
		6E2A2FB529C9F35B00442010 /* UserStatusCache.swift in Sources */ = {isa = PBXBuildFile; fileRef = 6E2A2FB429C9F35B00442010 /* UserStatusCache.swift */; };
		6E63DBC029C9A03700D7B32E /* WelcomeView2.swift in Sources */ = {isa = PBXBuildFile; fileRef = 6E63DBBF29C9A03700D7B32E /* WelcomeView2.swift */; };
		6E63DBC329C9A67100D7B32E /* LoginView.swift in Sources */ = {isa = PBXBuildFile; fileRef = 6E63DBC229C9A67100D7B32E /* LoginView.swift */; };
		6E63DBC629C9ADA500D7B32E /* TextFieldModifier.swift in Sources */ = {isa = PBXBuildFile; fileRef = 6E63DBC529C9ADA500D7B32E /* TextFieldModifier.swift */; };
		6E6A3BED29CB1E4E004E78FD /* NetworkManager.swift in Sources */ = {isa = PBXBuildFile; fileRef = 6E6A3BEC29CB1E4E004E78FD /* NetworkManager.swift */; };
		6E6A3BF029CB2B86004E78FD /* UserResponse.swift in Sources */ = {isa = PBXBuildFile; fileRef = 6E6A3BEF29CB2B86004E78FD /* UserResponse.swift */; };
		6E6A3BF329CB2DAD004E78FD /* Alamofire in Frameworks */ = {isa = PBXBuildFile; productRef = 6E6A3BF229CB2DAD004E78FD /* Alamofire */; };
		6E6A3BFB29CB3118004E78FD /* BucketsTests.swift in Sources */ = {isa = PBXBuildFile; fileRef = 6E6A3BFA29CB3118004E78FD /* BucketsTests.swift */; };
		6EAF77DA293E45B300F4DD50 /* OnBoardSlideModel.swift in Sources */ = {isa = PBXBuildFile; fileRef = 6EAF77D9293E45B300F4DD50 /* OnBoardSlideModel.swift */; };
		6EDB544D293659180054A42B /* BucketsApp.swift in Sources */ = {isa = PBXBuildFile; fileRef = 6EDB544C293659180054A42B /* BucketsApp.swift */; };
		6EDB544F293659180054A42B /* ContentView.swift in Sources */ = {isa = PBXBuildFile; fileRef = 6EDB544E293659180054A42B /* ContentView.swift */; };
		6EDB5451293659190054A42B /* Assets.xcassets in Resources */ = {isa = PBXBuildFile; fileRef = 6EDB5450293659190054A42B /* Assets.xcassets */; };
		6EDB5454293659190054A42B /* Preview Assets.xcassets in Resources */ = {isa = PBXBuildFile; fileRef = 6EDB5453293659190054A42B /* Preview Assets.xcassets */; };
		6EDB545D293659610054A42B /* Colors.xcassets in Resources */ = {isa = PBXBuildFile; fileRef = 6EDB545C293659610054A42B /* Colors.xcassets */; };
		6EDB545F29365AE80054A42B /* Images.xcassets in Resources */ = {isa = PBXBuildFile; fileRef = 6EDB545E29365AE80054A42B /* Images.xcassets */; };
		6EDB5467293668BD0054A42B /* OnBoardView.swift in Sources */ = {isa = PBXBuildFile; fileRef = 6EDB5466293668BD0054A42B /* OnBoardView.swift */; };
		6EDB546A293745E70054A42B /* WelcomeView.swift in Sources */ = {isa = PBXBuildFile; fileRef = 6EDB5469293745E70054A42B /* WelcomeView.swift */; };
		6EE67D7F29374E2300878B6B /* Images.swift in Sources */ = {isa = PBXBuildFile; fileRef = 6EE67D7E29374E2300878B6B /* Images.swift */; };
		6EE67D8329374FCB00878B6B /* Colors.swift in Sources */ = {isa = PBXBuildFile; fileRef = 6EE67D8229374FCB00878B6B /* Colors.swift */; };
		6EE67D872937506B00878B6B /* Icons.swift in Sources */ = {isa = PBXBuildFile; fileRef = 6EE67D862937506B00878B6B /* Icons.swift */; };
		6EE67D8929375BEA00878B6B /* SocialLoginButton.swift in Sources */ = {isa = PBXBuildFile; fileRef = 6EE67D8829375BEA00878B6B /* SocialLoginButton.swift */; };
/* End PBXBuildFile section */

/* Begin PBXContainerItemProxy section */
		6E6A3BFC29CB3118004E78FD /* PBXContainerItemProxy */ = {
			isa = PBXContainerItemProxy;
			containerPortal = 6EDB5441293659180054A42B /* Project object */;
			proxyType = 1;
			remoteGlobalIDString = 6EDB5448293659180054A42B;
			remoteInfo = Buckets;
		};
/* End PBXContainerItemProxy section */

/* Begin PBXFileReference section */
		6E1439DE293A4DF200134537 /* GeometryReader.swift */ = {isa = PBXFileReference; lastKnownFileType = sourcecode.swift; path = GeometryReader.swift; sourceTree = "<group>"; };
		6E1439E1293A4ECA00134537 /* CustomButton.swift */ = {isa = PBXFileReference; lastKnownFileType = sourcecode.swift; path = CustomButton.swift; sourceTree = "<group>"; };
		6E1439E4293A4F4300134537 /* Padding.swift */ = {isa = PBXFileReference; lastKnownFileType = sourcecode.swift; path = Padding.swift; sourceTree = "<group>"; };
		6E16D0AD2937A77A003F7059 /* SocialLoginButtonModel.swift */ = {isa = PBXFileReference; lastKnownFileType = sourcecode.swift; path = SocialLoginButtonModel.swift; sourceTree = "<group>"; };
		6E16D0B52937AB3C003F7059 /* en */ = {isa = PBXFileReference; lastKnownFileType = text.plist.strings; name = en; path = en.lproj/Localizable.strings; sourceTree = "<group>"; };
		6E16D0B72937ABAB003F7059 /* LocaleKeys.swift */ = {isa = PBXFileReference; lastKnownFileType = sourcecode.swift; path = LocaleKeys.swift; sourceTree = "<group>"; };
		6E2A2FB129C9F1FE00442010 /* OnBoardViewModel.swift */ = {isa = PBXFileReference; lastKnownFileType = sourcecode.swift; path = OnBoardViewModel.swift; sourceTree = "<group>"; };
		6E2A2FB429C9F35B00442010 /* UserStatusCache.swift */ = {isa = PBXFileReference; lastKnownFileType = sourcecode.swift; path = UserStatusCache.swift; sourceTree = "<group>"; };
		6E63DBBF29C9A03700D7B32E /* WelcomeView2.swift */ = {isa = PBXFileReference; fileEncoding = 4; lastKnownFileType = sourcecode.swift; path = WelcomeView2.swift; sourceTree = "<group>"; };
		6E63DBC229C9A67100D7B32E /* LoginView.swift */ = {isa = PBXFileReference; lastKnownFileType = sourcecode.swift; path = LoginView.swift; sourceTree = "<group>"; };
		6E63DBC529C9ADA500D7B32E /* TextFieldModifier.swift */ = {isa = PBXFileReference; lastKnownFileType = sourcecode.swift; path = TextFieldModifier.swift; sourceTree = "<group>"; };
		6E6A3BEC29CB1E4E004E78FD /* NetworkManager.swift */ = {isa = PBXFileReference; lastKnownFileType = sourcecode.swift; path = NetworkManager.swift; sourceTree = "<group>"; };
		6E6A3BEF29CB2B86004E78FD /* UserResponse.swift */ = {isa = PBXFileReference; lastKnownFileType = sourcecode.swift; path = UserResponse.swift; sourceTree = "<group>"; };
		6E6A3BF829CB3118004E78FD /* BucketsTests.xctest */ = {isa = PBXFileReference; explicitFileType = wrapper.cfbundle; includeInIndex = 0; path = BucketsTests.xctest; sourceTree = BUILT_PRODUCTS_DIR; };
		6E6A3BFA29CB3118004E78FD /* BucketsTests.swift */ = {isa = PBXFileReference; lastKnownFileType = sourcecode.swift; path = BucketsTests.swift; sourceTree = "<group>"; };
		6EAF77D9293E45B300F4DD50 /* OnBoardSlideModel.swift */ = {isa = PBXFileReference; lastKnownFileType = sourcecode.swift; path = OnBoardSlideModel.swift; sourceTree = "<group>"; };
		6EDB5449293659180054A42B /* Buckets.app */ = {isa = PBXFileReference; explicitFileType = wrapper.application; includeInIndex = 0; path = Buckets.app; sourceTree = BUILT_PRODUCTS_DIR; };
		6EDB544C293659180054A42B /* BucketsApp.swift */ = {isa = PBXFileReference; lastKnownFileType = sourcecode.swift; path = BucketsApp.swift; sourceTree = "<group>"; };
		6EDB544E293659180054A42B /* ContentView.swift */ = {isa = PBXFileReference; lastKnownFileType = sourcecode.swift; path = ContentView.swift; sourceTree = "<group>"; };
		6EDB5450293659190054A42B /* Assets.xcassets */ = {isa = PBXFileReference; lastKnownFileType = folder.assetcatalog; path = Assets.xcassets; sourceTree = "<group>"; };
		6EDB5453293659190054A42B /* Preview Assets.xcassets */ = {isa = PBXFileReference; lastKnownFileType = folder.assetcatalog; path = "Preview Assets.xcassets"; sourceTree = "<group>"; };
		6EDB545C293659610054A42B /* Colors.xcassets */ = {isa = PBXFileReference; lastKnownFileType = folder.assetcatalog; path = Colors.xcassets; sourceTree = "<group>"; };
		6EDB545E29365AE80054A42B /* Images.xcassets */ = {isa = PBXFileReference; lastKnownFileType = folder.assetcatalog; path = Images.xcassets; sourceTree = "<group>"; };
		6EDB5466293668BD0054A42B /* OnBoardView.swift */ = {isa = PBXFileReference; lastKnownFileType = sourcecode.swift; path = OnBoardView.swift; sourceTree = "<group>"; };
		6EDB5469293745E70054A42B /* WelcomeView.swift */ = {isa = PBXFileReference; lastKnownFileType = sourcecode.swift; path = WelcomeView.swift; sourceTree = "<group>"; };
		6EE67D7E29374E2300878B6B /* Images.swift */ = {isa = PBXFileReference; lastKnownFileType = sourcecode.swift; path = Images.swift; sourceTree = "<group>"; };
		6EE67D8229374FCB00878B6B /* Colors.swift */ = {isa = PBXFileReference; lastKnownFileType = sourcecode.swift; path = Colors.swift; sourceTree = "<group>"; };
		6EE67D862937506B00878B6B /* Icons.swift */ = {isa = PBXFileReference; lastKnownFileType = sourcecode.swift; path = Icons.swift; sourceTree = "<group>"; };
		6EE67D8829375BEA00878B6B /* SocialLoginButton.swift */ = {isa = PBXFileReference; lastKnownFileType = sourcecode.swift; path = SocialLoginButton.swift; sourceTree = "<group>"; };
/* End PBXFileReference section */

/* Begin PBXFrameworksBuildPhase section */
		6E6A3BF529CB3118004E78FD /* Frameworks */ = {
			isa = PBXFrameworksBuildPhase;
			buildActionMask = 2147483647;
			files = (
			);
			runOnlyForDeploymentPostprocessing = 0;
		};
		6EDB5446293659180054A42B /* Frameworks */ = {
			isa = PBXFrameworksBuildPhase;
			buildActionMask = 2147483647;
			files = (
				6E6A3BF329CB2DAD004E78FD /* Alamofire in Frameworks */,
			);
			runOnlyForDeploymentPostprocessing = 0;
		};
/* End PBXFrameworksBuildPhase section */

/* Begin PBXGroup section */
		6E1439DC293A4DDC00134537 /* Extensions */ = {
			isa = PBXGroup;
			children = (
				6E1439DE293A4DF200134537 /* GeometryReader.swift */,
				6E1439E3293A4F3000134537 /* Padding */,
			);
			path = Extensions;
			sourceTree = "<group>";
		};
		6E1439E0293A4EB100134537 /* EmailButton */ = {
			isa = PBXGroup;
			children = (
				6E1439E1293A4ECA00134537 /* CustomButton.swift */,
			);
			path = EmailButton;
			sourceTree = "<group>";
		};
		6E1439E3293A4F3000134537 /* Padding */ = {
			isa = PBXGroup;
			children = (
				6E1439E4293A4F4300134537 /* Padding.swift */,
			);
			path = Padding;
			sourceTree = "<group>";
		};
		6E1439E6293B8E2100134537 /* SocialLoginButtonModel */ = {
			isa = PBXGroup;
			children = (
				6E16D0AD2937A77A003F7059 /* SocialLoginButtonModel.swift */,
			);
			path = SocialLoginButtonModel;
			sourceTree = "<group>";
		};
		6E1439E7293BE84500134537 /* OnBoardSlideModel */ = {
			isa = PBXGroup;
			children = (
				6EAF77D9293E45B300F4DD50 /* OnBoardSlideModel.swift */,
			);
			path = OnBoardSlideModel;
			sourceTree = "<group>";
		};
		6E16D0AF2937AAF0003F7059 /* Locals */ = {
			isa = PBXGroup;
			children = (
				6E16D0B72937ABAB003F7059 /* LocaleKeys.swift */,
				6E16D0B62937AB3C003F7059 /* Localizable.strings */,
			);
			path = Locals;
			sourceTree = "<group>";
		};
		6E2A2FB329C9F34C00442010 /* Cache */ = {
			isa = PBXGroup;
			children = (
				6E2A2FB429C9F35B00442010 /* UserStatusCache.swift */,
			);
			path = Cache;
			sourceTree = "<group>";
		};
		6E63DBC129C9A66800D7B32E /* Login */ = {
			isa = PBXGroup;
			children = (
				6E63DBC229C9A67100D7B32E /* LoginView.swift */,
				6E63DBC529C9ADA500D7B32E /* TextFieldModifier.swift */,
			);
			path = Login;
			sourceTree = "<group>";
		};
		6E6A3BEA29CB1E2C004E78FD /* Core */ = {
			isa = PBXGroup;
			children = (
				6E6A3BEB29CB1E35004E78FD /* Network */,
			);
			path = Core;
			sourceTree = "<group>";
		};
		6E6A3BEB29CB1E35004E78FD /* Network */ = {
			isa = PBXGroup;
			children = (
				6E6A3BEC29CB1E4E004E78FD /* NetworkManager.swift */,
			);
			path = Network;
			sourceTree = "<group>";
		};
		6E6A3BEE29CB2B78004E78FD /* Model */ = {
			isa = PBXGroup;
			children = (
				6E6A3BEF29CB2B86004E78FD /* UserResponse.swift */,
			);
			path = Model;
			sourceTree = "<group>";
		};
		6E6A3BF929CB3118004E78FD /* BucketsTests */ = {
			isa = PBXGroup;
			children = (
				6E6A3BFA29CB3118004E78FD /* BucketsTests.swift */,
			);
			path = BucketsTests;
			sourceTree = "<group>";
		};
		6EDB5440293659180054A42B = {
			isa = PBXGroup;
			children = (
				6EDB544B293659180054A42B /* Buckets */,
				6E6A3BF929CB3118004E78FD /* BucketsTests */,
				6EDB544A293659180054A42B /* Products */,
			);
			sourceTree = "<group>";
		};
		6EDB544A293659180054A42B /* Products */ = {
			isa = PBXGroup;
			children = (
				6EDB5449293659180054A42B /* Buckets.app */,
				6E6A3BF829CB3118004E78FD /* BucketsTests.xctest */,
			);
			name = Products;
			sourceTree = "<group>";
		};
		6EDB544B293659180054A42B /* Buckets */ = {
			isa = PBXGroup;
			children = (
				6E6A3BEA29CB1E2C004E78FD /* Core */,
				6EE67D7B29374E0600878B6B /* Utils */,
				6EDB5462293668890054A42B /* Product */,
				6EDB54602936687A0054A42B /* Feature */,
				6EDB545A293659310054A42B /* Resources */,
				6EDB544C293659180054A42B /* BucketsApp.swift */,
				6EDB544E293659180054A42B /* ContentView.swift */,
				6EDB5452293659190054A42B /* Preview Content */,
			);
			path = Buckets;
			sourceTree = "<group>";
		};
		6EDB5452293659190054A42B /* Preview Content */ = {
			isa = PBXGroup;
			children = (
				6EDB5453293659190054A42B /* Preview Assets.xcassets */,
			);
			path = "Preview Content";
			sourceTree = "<group>";
		};
		6EDB545A293659310054A42B /* Resources */ = {
			isa = PBXGroup;
			children = (
				6EDB545B293659370054A42B /* Assets */,
			);
			path = Resources;
			sourceTree = "<group>";
		};
		6EDB545B293659370054A42B /* Assets */ = {
			isa = PBXGroup;
			children = (
				6EDB5450293659190054A42B /* Assets.xcassets */,
				6EDB545C293659610054A42B /* Colors.xcassets */,
				6EDB545E29365AE80054A42B /* Images.xcassets */,
			);
			path = Assets;
			sourceTree = "<group>";
		};
		6EDB54602936687A0054A42B /* Feature */ = {
			isa = PBXGroup;
			children = (
				6EDB54612936687F0054A42B /* Authentication */,
			);
			path = Feature;
			sourceTree = "<group>";
		};
		6EDB54612936687F0054A42B /* Authentication */ = {
			isa = PBXGroup;
			children = (
				6E63DBC129C9A66800D7B32E /* Login */,
				6EDB5468293745BF0054A42B /* Welcome */,
				6EDB5465293668A40054A42B /* OnBoard */,
			);
			path = Authentication;
			sourceTree = "<group>";
		};
		6EDB5462293668890054A42B /* Product */ = {
			isa = PBXGroup;
			children = (
				6E6A3BEE29CB2B78004E78FD /* Model */,
				6EDB54632936688F0054A42B /* Widget */,
			);
			path = Product;
			sourceTree = "<group>";
		};
		6EDB54632936688F0054A42B /* Widget */ = {
			isa = PBXGroup;
			children = (
				6E1439E0293A4EB100134537 /* EmailButton */,
				6EDB5464293668930054A42B /* SocialButton */,
			);
			path = Widget;
			sourceTree = "<group>";
		};
		6EDB5464293668930054A42B /* SocialButton */ = {
			isa = PBXGroup;
			children = (
				6EE67D8829375BEA00878B6B /* SocialLoginButton.swift */,
			);
			path = SocialButton;
			sourceTree = "<group>";
		};
		6EDB5465293668A40054A42B /* OnBoard */ = {
			isa = PBXGroup;
			children = (
				6E1439E7293BE84500134537 /* OnBoardSlideModel */,
				6EDB5466293668BD0054A42B /* OnBoardView.swift */,
				6E2A2FB129C9F1FE00442010 /* OnBoardViewModel.swift */,
			);
			path = OnBoard;
			sourceTree = "<group>";
		};
		6EDB5468293745BF0054A42B /* Welcome */ = {
			isa = PBXGroup;
			children = (
				6E63DBBF29C9A03700D7B32E /* WelcomeView2.swift */,
				6E1439E6293B8E2100134537 /* SocialLoginButtonModel */,
				6EDB5469293745E70054A42B /* WelcomeView.swift */,
			);
			path = Welcome;
			sourceTree = "<group>";
		};
		6EE67D7B29374E0600878B6B /* Utils */ = {
			isa = PBXGroup;
			children = (
				6E2A2FB329C9F34C00442010 /* Cache */,
				6E1439DC293A4DDC00134537 /* Extensions */,
				6E16D0AF2937AAF0003F7059 /* Locals */,
				6EE67D8029374FB800878B6B /* Colors */,
				6EE67D7C29374E0B00878B6B /* Enums */,
			);
			path = Utils;
			sourceTree = "<group>";
		};
		6EE67D7C29374E0B00878B6B /* Enums */ = {
			isa = PBXGroup;
			children = (
				6EE67D842937505700878B6B /* Icons */,
				6EE67D7D29374E0F00878B6B /* Images */,
			);
			path = Enums;
			sourceTree = "<group>";
		};
		6EE67D7D29374E0F00878B6B /* Images */ = {
			isa = PBXGroup;
			children = (
				6EE67D7E29374E2300878B6B /* Images.swift */,
			);
			path = Images;
			sourceTree = "<group>";
		};
		6EE67D8029374FB800878B6B /* Colors */ = {
			isa = PBXGroup;
			children = (
				6EE67D8229374FCB00878B6B /* Colors.swift */,
			);
			path = Colors;
			sourceTree = "<group>";
		};
		6EE67D842937505700878B6B /* Icons */ = {
			isa = PBXGroup;
			children = (
				6EE67D862937506B00878B6B /* Icons.swift */,
			);
			path = Icons;
			sourceTree = "<group>";
		};
/* End PBXGroup section */

/* Begin PBXNativeTarget section */
		6E6A3BF729CB3118004E78FD /* BucketsTests */ = {
			isa = PBXNativeTarget;
			buildConfigurationList = 6E6A3BFE29CB3118004E78FD /* Build configuration list for PBXNativeTarget "BucketsTests" */;
			buildPhases = (
				6E6A3BF429CB3118004E78FD /* Sources */,
				6E6A3BF529CB3118004E78FD /* Frameworks */,
				6E6A3BF629CB3118004E78FD /* Resources */,
			);
			buildRules = (
			);
			dependencies = (
				6E6A3BFD29CB3118004E78FD /* PBXTargetDependency */,
			);
			name = BucketsTests;
			productName = BucketsTests;
			productReference = 6E6A3BF829CB3118004E78FD /* BucketsTests.xctest */;
			productType = "com.apple.product-type.bundle.unit-test";
		};
		6EDB5448293659180054A42B /* Buckets */ = {
			isa = PBXNativeTarget;
			buildConfigurationList = 6EDB5457293659190054A42B /* Build configuration list for PBXNativeTarget "Buckets" */;
			buildPhases = (
				6EDB5445293659180054A42B /* Sources */,
				6EDB5446293659180054A42B /* Frameworks */,
				6EDB5447293659180054A42B /* Resources */,
			);
			buildRules = (
			);
			dependencies = (
			);
			name = Buckets;
			packageProductDependencies = (
				6E6A3BF229CB2DAD004E78FD /* Alamofire */,
			);
			productName = Buckets;
			productReference = 6EDB5449293659180054A42B /* Buckets.app */;
			productType = "com.apple.product-type.application";
		};
/* End PBXNativeTarget section */

/* Begin PBXProject section */
		6EDB5441293659180054A42B /* Project object */ = {
			isa = PBXProject;
			attributes = {
				BuildIndependentTargetsInParallel = 1;
				LastSwiftUpdateCheck = 1400;
				LastUpgradeCheck = 1400;
				TargetAttributes = {
					6E6A3BF729CB3118004E78FD = {
						CreatedOnToolsVersion = 14.0.1;
						TestTargetID = 6EDB5448293659180054A42B;
					};
					6EDB5448293659180054A42B = {
						CreatedOnToolsVersion = 14.0.1;
					};
				};
			};
			buildConfigurationList = 6EDB5444293659180054A42B /* Build configuration list for PBXProject "Buckets" */;
			compatibilityVersion = "Xcode 14.0";
			developmentRegion = en;
			hasScannedForEncodings = 0;
			knownRegions = (
				en,
				Base,
			);
			mainGroup = 6EDB5440293659180054A42B;
			packageReferences = (
				6E6A3BF129CB2DAD004E78FD /* XCRemoteSwiftPackageReference "Alamofire" */,
			);
			productRefGroup = 6EDB544A293659180054A42B /* Products */;
			projectDirPath = "";
			projectRoot = "";
			targets = (
				6EDB5448293659180054A42B /* Buckets */,
				6E6A3BF729CB3118004E78FD /* BucketsTests */,
			);
		};
/* End PBXProject section */

/* Begin PBXResourcesBuildPhase section */
		6E6A3BF629CB3118004E78FD /* Resources */ = {
			isa = PBXResourcesBuildPhase;
			buildActionMask = 2147483647;
			files = (
			);
			runOnlyForDeploymentPostprocessing = 0;
		};
		6EDB5447293659180054A42B /* Resources */ = {
			isa = PBXResourcesBuildPhase;
			buildActionMask = 2147483647;
			files = (
				6E16D0B42937AB3C003F7059 /* Localizable.strings in Resources */,
				6EDB545D293659610054A42B /* Colors.xcassets in Resources */,
				6EDB545F29365AE80054A42B /* Images.xcassets in Resources */,
				6EDB5454293659190054A42B /* Preview Assets.xcassets in Resources */,
				6EDB5451293659190054A42B /* Assets.xcassets in Resources */,
			);
			runOnlyForDeploymentPostprocessing = 0;
		};
/* End PBXResourcesBuildPhase section */

/* Begin PBXSourcesBuildPhase section */
		6E6A3BF429CB3118004E78FD /* Sources */ = {
			isa = PBXSourcesBuildPhase;
			buildActionMask = 2147483647;
			files = (
				6E6A3BFB29CB3118004E78FD /* BucketsTests.swift in Sources */,
			);
			runOnlyForDeploymentPostprocessing = 0;
		};
		6EDB5445293659180054A42B /* Sources */ = {
			isa = PBXSourcesBuildPhase;
			buildActionMask = 2147483647;
			files = (
				6E2A2FB229C9F1FE00442010 /* OnBoardViewModel.swift in Sources */,
				6EE67D872937506B00878B6B /* Icons.swift in Sources */,
				6EDB544F293659180054A42B /* ContentView.swift in Sources */,
				6EE67D8929375BEA00878B6B /* SocialLoginButton.swift in Sources */,
				6E1439E2293A4ECA00134537 /* CustomButton.swift in Sources */,
				6EE67D8329374FCB00878B6B /* Colors.swift in Sources */,
				6E16D0AE2937A77A003F7059 /* SocialLoginButtonModel.swift in Sources */,
				6EDB544D293659180054A42B /* BucketsApp.swift in Sources */,
				6E2A2FB529C9F35B00442010 /* UserStatusCache.swift in Sources */,
				6E63DBC629C9ADA500D7B32E /* TextFieldModifier.swift in Sources */,
				6EE67D7F29374E2300878B6B /* Images.swift in Sources */,
				6E6A3BF029CB2B86004E78FD /* UserResponse.swift in Sources */,
				6E1439DF293A4DF200134537 /* GeometryReader.swift in Sources */,
				6E6A3BED29CB1E4E004E78FD /* NetworkManager.swift in Sources */,
				6EDB5467293668BD0054A42B /* OnBoardView.swift in Sources */,
				6E63DBC029C9A03700D7B32E /* WelcomeView2.swift in Sources */,
				6EDB546A293745E70054A42B /* WelcomeView.swift in Sources */,
				6EAF77DA293E45B300F4DD50 /* OnBoardSlideModel.swift in Sources */,
				6E16D0B82937ABAB003F7059 /* LocaleKeys.swift in Sources */,
				6E63DBC329C9A67100D7B32E /* LoginView.swift in Sources */,
				6E1439E5293A4F4300134537 /* Padding.swift in Sources */,
			);
			runOnlyForDeploymentPostprocessing = 0;
		};
/* End PBXSourcesBuildPhase section */

/* Begin PBXTargetDependency section */
		6E6A3BFD29CB3118004E78FD /* PBXTargetDependency */ = {
			isa = PBXTargetDependency;
			target = 6EDB5448293659180054A42B /* Buckets */;
			targetProxy = 6E6A3BFC29CB3118004E78FD /* PBXContainerItemProxy */;
		};
/* End PBXTargetDependency section */

/* Begin PBXVariantGroup section */
		6E16D0B62937AB3C003F7059 /* Localizable.strings */ = {
			isa = PBXVariantGroup;
			children = (
				6E16D0B52937AB3C003F7059 /* en */,
			);
			name = Localizable.strings;
			sourceTree = "<group>";
		};
/* End PBXVariantGroup section */

/* Begin XCBuildConfiguration section */
		6E6A3BFF29CB3118004E78FD /* Debug */ = {
			isa = XCBuildConfiguration;
			buildSettings = {
				BUNDLE_LOADER = "$(TEST_HOST)";
				CODE_SIGN_STYLE = Automatic;
				CURRENT_PROJECT_VERSION = 1;
				DEVELOPMENT_TEAM = 9FCSJXZ95F;
				GENERATE_INFOPLIST_FILE = YES;
				IPHONEOS_DEPLOYMENT_TARGET = 16.0;
				MARKETING_VERSION = 1.0;
				PRODUCT_BUNDLE_IDENTIFIER = com.sdogan.BucketsTests;
				PRODUCT_NAME = "$(TARGET_NAME)";
				SWIFT_EMIT_LOC_STRINGS = NO;
				SWIFT_VERSION = 5.0;
				TARGETED_DEVICE_FAMILY = "1,2";
				TEST_HOST = "$(BUILT_PRODUCTS_DIR)/Buckets.app/$(BUNDLE_EXECUTABLE_FOLDER_PATH)/Buckets";
			};
			name = Debug;
		};
		6E6A3C0029CB3118004E78FD /* Release */ = {
			isa = XCBuildConfiguration;
			buildSettings = {
				BUNDLE_LOADER = "$(TEST_HOST)";
				CODE_SIGN_STYLE = Automatic;
				CURRENT_PROJECT_VERSION = 1;
				DEVELOPMENT_TEAM = 9FCSJXZ95F;
				GENERATE_INFOPLIST_FILE = YES;
				IPHONEOS_DEPLOYMENT_TARGET = 16.0;
				MARKETING_VERSION = 1.0;
				PRODUCT_BUNDLE_IDENTIFIER = com.sdogan.BucketsTests;
				PRODUCT_NAME = "$(TARGET_NAME)";
				SWIFT_EMIT_LOC_STRINGS = NO;
				SWIFT_VERSION = 5.0;
				TARGETED_DEVICE_FAMILY = "1,2";
				TEST_HOST = "$(BUILT_PRODUCTS_DIR)/Buckets.app/$(BUNDLE_EXECUTABLE_FOLDER_PATH)/Buckets";
			};
			name = Release;
		};
		6EDB5455293659190054A42B /* Debug */ = {
			isa = XCBuildConfiguration;
			buildSettings = {
				ALWAYS_SEARCH_USER_PATHS = NO;
				CLANG_ANALYZER_NONNULL = YES;
				CLANG_ANALYZER_NUMBER_OBJECT_CONVERSION = YES_AGGRESSIVE;
				CLANG_CXX_LANGUAGE_STANDARD = "gnu++20";
				CLANG_ENABLE_MODULES = YES;
				CLANG_ENABLE_OBJC_ARC = YES;
				CLANG_ENABLE_OBJC_WEAK = YES;
				CLANG_WARN_BLOCK_CAPTURE_AUTORELEASING = YES;
				CLANG_WARN_BOOL_CONVERSION = YES;
				CLANG_WARN_COMMA = YES;
				CLANG_WARN_CONSTANT_CONVERSION = YES;
				CLANG_WARN_DEPRECATED_OBJC_IMPLEMENTATIONS = YES;
				CLANG_WARN_DIRECT_OBJC_ISA_USAGE = YES_ERROR;
				CLANG_WARN_DOCUMENTATION_COMMENTS = YES;
				CLANG_WARN_EMPTY_BODY = YES;
				CLANG_WARN_ENUM_CONVERSION = YES;
				CLANG_WARN_INFINITE_RECURSION = YES;
				CLANG_WARN_INT_CONVERSION = YES;
				CLANG_WARN_NON_LITERAL_NULL_CONVERSION = YES;
				CLANG_WARN_OBJC_IMPLICIT_RETAIN_SELF = YES;
				CLANG_WARN_OBJC_LITERAL_CONVERSION = YES;
				CLANG_WARN_OBJC_ROOT_CLASS = YES_ERROR;
				CLANG_WARN_QUOTED_INCLUDE_IN_FRAMEWORK_HEADER = YES;
				CLANG_WARN_RANGE_LOOP_ANALYSIS = YES;
				CLANG_WARN_STRICT_PROTOTYPES = YES;
				CLANG_WARN_SUSPICIOUS_MOVE = YES;
				CLANG_WARN_UNGUARDED_AVAILABILITY = YES_AGGRESSIVE;
				CLANG_WARN_UNREACHABLE_CODE = YES;
				CLANG_WARN__DUPLICATE_METHOD_MATCH = YES;
				COPY_PHASE_STRIP = NO;
				DEBUG_INFORMATION_FORMAT = dwarf;
				ENABLE_STRICT_OBJC_MSGSEND = YES;
				ENABLE_TESTABILITY = YES;
				GCC_C_LANGUAGE_STANDARD = gnu11;
				GCC_DYNAMIC_NO_PIC = NO;
				GCC_NO_COMMON_BLOCKS = YES;
				GCC_OPTIMIZATION_LEVEL = 0;
				GCC_PREPROCESSOR_DEFINITIONS = (
					"DEBUG=1",
					"$(inherited)",
				);
				GCC_WARN_64_TO_32_BIT_CONVERSION = YES;
				GCC_WARN_ABOUT_RETURN_TYPE = YES_ERROR;
				GCC_WARN_UNDECLARED_SELECTOR = YES;
				GCC_WARN_UNINITIALIZED_AUTOS = YES_AGGRESSIVE;
				GCC_WARN_UNUSED_FUNCTION = YES;
				GCC_WARN_UNUSED_VARIABLE = YES;
				IPHONEOS_DEPLOYMENT_TARGET = 15.0;
				MTL_ENABLE_DEBUG_INFO = INCLUDE_SOURCE;
				MTL_FAST_MATH = YES;
				ONLY_ACTIVE_ARCH = YES;
				SDKROOT = iphoneos;
				SWIFT_ACTIVE_COMPILATION_CONDITIONS = DEBUG;
				SWIFT_OPTIMIZATION_LEVEL = "-Onone";
			};
			name = Debug;
		};
		6EDB5456293659190054A42B /* Release */ = {
			isa = XCBuildConfiguration;
			buildSettings = {
				ALWAYS_SEARCH_USER_PATHS = NO;
				CLANG_ANALYZER_NONNULL = YES;
				CLANG_ANALYZER_NUMBER_OBJECT_CONVERSION = YES_AGGRESSIVE;
				CLANG_CXX_LANGUAGE_STANDARD = "gnu++20";
				CLANG_ENABLE_MODULES = YES;
				CLANG_ENABLE_OBJC_ARC = YES;
				CLANG_ENABLE_OBJC_WEAK = YES;
				CLANG_WARN_BLOCK_CAPTURE_AUTORELEASING = YES;
				CLANG_WARN_BOOL_CONVERSION = YES;
				CLANG_WARN_COMMA = YES;
				CLANG_WARN_CONSTANT_CONVERSION = YES;
				CLANG_WARN_DEPRECATED_OBJC_IMPLEMENTATIONS = YES;
				CLANG_WARN_DIRECT_OBJC_ISA_USAGE = YES_ERROR;
				CLANG_WARN_DOCUMENTATION_COMMENTS = YES;
				CLANG_WARN_EMPTY_BODY = YES;
				CLANG_WARN_ENUM_CONVERSION = YES;
				CLANG_WARN_INFINITE_RECURSION = YES;
				CLANG_WARN_INT_CONVERSION = YES;
				CLANG_WARN_NON_LITERAL_NULL_CONVERSION = YES;
				CLANG_WARN_OBJC_IMPLICIT_RETAIN_SELF = YES;
				CLANG_WARN_OBJC_LITERAL_CONVERSION = YES;
				CLANG_WARN_OBJC_ROOT_CLASS = YES_ERROR;
				CLANG_WARN_QUOTED_INCLUDE_IN_FRAMEWORK_HEADER = YES;
				CLANG_WARN_RANGE_LOOP_ANALYSIS = YES;
				CLANG_WARN_STRICT_PROTOTYPES = YES;
				CLANG_WARN_SUSPICIOUS_MOVE = YES;
				CLANG_WARN_UNGUARDED_AVAILABILITY = YES_AGGRESSIVE;
				CLANG_WARN_UNREACHABLE_CODE = YES;
				CLANG_WARN__DUPLICATE_METHOD_MATCH = YES;
				COPY_PHASE_STRIP = NO;
				DEBUG_INFORMATION_FORMAT = "dwarf-with-dsym";
				ENABLE_NS_ASSERTIONS = NO;
				ENABLE_STRICT_OBJC_MSGSEND = YES;
				GCC_C_LANGUAGE_STANDARD = gnu11;
				GCC_NO_COMMON_BLOCKS = YES;
				GCC_WARN_64_TO_32_BIT_CONVERSION = YES;
				GCC_WARN_ABOUT_RETURN_TYPE = YES_ERROR;
				GCC_WARN_UNDECLARED_SELECTOR = YES;
				GCC_WARN_UNINITIALIZED_AUTOS = YES_AGGRESSIVE;
				GCC_WARN_UNUSED_FUNCTION = YES;
				GCC_WARN_UNUSED_VARIABLE = YES;
				IPHONEOS_DEPLOYMENT_TARGET = 15.0;
				MTL_ENABLE_DEBUG_INFO = NO;
				MTL_FAST_MATH = YES;
				SDKROOT = iphoneos;
				SWIFT_COMPILATION_MODE = wholemodule;
				SWIFT_OPTIMIZATION_LEVEL = "-O";
				VALIDATE_PRODUCT = YES;
			};
			name = Release;
		};
		6EDB5458293659190054A42B /* Debug */ = {
			isa = XCBuildConfiguration;
			buildSettings = {
				ASSETCATALOG_COMPILER_APPICON_NAME = AppIcon;
				ASSETCATALOG_COMPILER_GLOBAL_ACCENT_COLOR_NAME = AccentColor;
				CODE_SIGN_STYLE = Automatic;
				CURRENT_PROJECT_VERSION = 1;
				DEVELOPMENT_ASSET_PATHS = "\"Buckets/Preview Content\"";
				DEVELOPMENT_TEAM = 9FCSJXZ95F;
				ENABLE_PREVIEWS = YES;
				GENERATE_INFOPLIST_FILE = YES;
				INFOPLIST_KEY_UIApplicationSceneManifest_Generation = YES;
				INFOPLIST_KEY_UIApplicationSupportsIndirectInputEvents = YES;
				INFOPLIST_KEY_UILaunchScreen_Generation = YES;
				INFOPLIST_KEY_UISupportedInterfaceOrientations_iPad = "UIInterfaceOrientationPortrait UIInterfaceOrientationPortraitUpsideDown UIInterfaceOrientationLandscapeLeft UIInterfaceOrientationLandscapeRight";
				INFOPLIST_KEY_UISupportedInterfaceOrientations_iPhone = "UIInterfaceOrientationPortrait UIInterfaceOrientationLandscapeLeft UIInterfaceOrientationLandscapeRight";
				LD_RUNPATH_SEARCH_PATHS = (
					"$(inherited)",
					"@executable_path/Frameworks",
				);
				MARKETING_VERSION = 1.0;
				PRODUCT_BUNDLE_IDENTIFIER = com.sdogan.Buckets;
				PRODUCT_NAME = "$(TARGET_NAME)";
				SWIFT_EMIT_LOC_STRINGS = YES;
				SWIFT_VERSION = 5.0;
				TARGETED_DEVICE_FAMILY = "1,2";
			};
			name = Debug;
		};
		6EDB5459293659190054A42B /* Release */ = {
			isa = XCBuildConfiguration;
			buildSettings = {
				ASSETCATALOG_COMPILER_APPICON_NAME = AppIcon;
				ASSETCATALOG_COMPILER_GLOBAL_ACCENT_COLOR_NAME = AccentColor;
				CODE_SIGN_STYLE = Automatic;
				CURRENT_PROJECT_VERSION = 1;
				DEVELOPMENT_ASSET_PATHS = "\"Buckets/Preview Content\"";
				DEVELOPMENT_TEAM = 9FCSJXZ95F;
				ENABLE_PREVIEWS = YES;
				GENERATE_INFOPLIST_FILE = YES;
				INFOPLIST_KEY_UIApplicationSceneManifest_Generation = YES;
				INFOPLIST_KEY_UIApplicationSupportsIndirectInputEvents = YES;
				INFOPLIST_KEY_UILaunchScreen_Generation = YES;
				INFOPLIST_KEY_UISupportedInterfaceOrientations_iPad = "UIInterfaceOrientationPortrait UIInterfaceOrientationPortraitUpsideDown UIInterfaceOrientationLandscapeLeft UIInterfaceOrientationLandscapeRight";
				INFOPLIST_KEY_UISupportedInterfaceOrientations_iPhone = "UIInterfaceOrientationPortrait UIInterfaceOrientationLandscapeLeft UIInterfaceOrientationLandscapeRight";
				LD_RUNPATH_SEARCH_PATHS = (
					"$(inherited)",
					"@executable_path/Frameworks",
				);
				MARKETING_VERSION = 1.0;
				PRODUCT_BUNDLE_IDENTIFIER = com.sdogan.Buckets;
				PRODUCT_NAME = "$(TARGET_NAME)";
				SWIFT_EMIT_LOC_STRINGS = YES;
				SWIFT_VERSION = 5.0;
				TARGETED_DEVICE_FAMILY = "1,2";
			};
			name = Release;
		};
/* End XCBuildConfiguration section */

/* Begin XCConfigurationList section */
		6E6A3BFE29CB3118004E78FD /* Build configuration list for PBXNativeTarget "BucketsTests" */ = {
			isa = XCConfigurationList;
			buildConfigurations = (
				6E6A3BFF29CB3118004E78FD /* Debug */,
				6E6A3C0029CB3118004E78FD /* Release */,
			);
			defaultConfigurationIsVisible = 0;
			defaultConfigurationName = Release;
		};
		6EDB5444293659180054A42B /* Build configuration list for PBXProject "Buckets" */ = {
			isa = XCConfigurationList;
			buildConfigurations = (
				6EDB5455293659190054A42B /* Debug */,
				6EDB5456293659190054A42B /* Release */,
			);
			defaultConfigurationIsVisible = 0;
			defaultConfigurationName = Release;
		};
		6EDB5457293659190054A42B /* Build configuration list for PBXNativeTarget "Buckets" */ = {
			isa = XCConfigurationList;
			buildConfigurations = (
				6EDB5458293659190054A42B /* Debug */,
				6EDB5459293659190054A42B /* Release */,
			);
			defaultConfigurationIsVisible = 0;
			defaultConfigurationName = Release;
		};
/* End XCConfigurationList section */

/* Begin XCRemoteSwiftPackageReference section */
		6E6A3BF129CB2DAD004E78FD /* XCRemoteSwiftPackageReference "Alamofire" */ = {
			isa = XCRemoteSwiftPackageReference;
			repositoryURL = "https://github.com/Alamofire/Alamofire.git";
			requirement = {
				kind = upToNextMajorVersion;
				minimumVersion = 5.0.0;
			};
		};
/* End XCRemoteSwiftPackageReference section */

/* Begin XCSwiftPackageProductDependency section */
		6E6A3BF229CB2DAD004E78FD /* Alamofire */ = {
			isa = XCSwiftPackageProductDependency;
			package = 6E6A3BF129CB2DAD004E78FD /* XCRemoteSwiftPackageReference "Alamofire" */;
			productName = Alamofire;
		};
/* End XCSwiftPackageProductDependency section */
	};
	rootObject = 6EDB5441293659180054A42B /* Project object */;
}
