// !$*UTF8*$!
{
	archiveVersion = 1;
	classes = {
	};
	objectVersion = 56;
	objects = {

/* Begin PBXBuildFile section */
		6EDB544D293659180054A42B /* BucketsApp.swift in Sources */ = {isa = PBXBuildFile; fileRef = 6EDB544C293659180054A42B /* BucketsApp.swift */; };
		6EDB544F293659180054A42B /* ContentView.swift in Sources */ = {isa = PBXBuildFile; fileRef = 6EDB544E293659180054A42B /* ContentView.swift */; };
		6EDB5451293659190054A42B /* Assets.xcassets in Resources */ = {isa = PBXBuildFile; fileRef = 6EDB5450293659190054A42B /* Assets.xcassets */; };
		6EDB5454293659190054A42B /* Preview Assets.xcassets in Resources */ = {isa = PBXBuildFile; fileRef = 6EDB5453293659190054A42B /* Preview Assets.xcassets */; };
		6EDB545D293659610054A42B /* Colors.xcassets in Resources */ = {isa = PBXBuildFile; fileRef = 6EDB545C293659610054A42B /* Colors.xcassets */; };
		6EDB545F29365AE80054A42B /* Images.xcassets in Resources */ = {isa = PBXBuildFile; fileRef = 6EDB545E29365AE80054A42B /* Images.xcassets */; };
		6EDB5467293668BD0054A42B /* OnBoardView.swift in Sources */ = {isa = PBXBuildFile; fileRef = 6EDB5466293668BD0054A42B /* OnBoardView.swift */; };
		6EDB546A293745E70054A42B /* WelcomeView.swift in Sources */ = {isa = PBXBuildFile; fileRef = 6EDB5469293745E70054A42B /* WelcomeView.swift */; };
		6EE67D7F29374E2300878B6B /* Images.swift in Sources */ = {isa = PBXBuildFile; fileRef = 6EE67D7E29374E2300878B6B /* Images.swift */; };
		6EE67D8329374FCB00878B6B /* Colors.swift in Sources */ = {isa = PBXBuildFile; fileRef = 6EE67D8229374FCB00878B6B /* Colors.swift */; };
		6EE67D872937506B00878B6B /* Icons.swift in Sources */ = {isa = PBXBuildFile; fileRef = 6EE67D862937506B00878B6B /* Icons.swift */; };
		6EE67D8929375BEA00878B6B /* SocialLoginButton.swift in Sources */ = {isa = PBXBuildFile; fileRef = 6EE67D8829375BEA00878B6B /* SocialLoginButton.swift */; };
/* End PBXBuildFile section */

/* Begin PBXFileReference section */
		6EDB5449293659180054A42B /* Buckets.app */ = {isa = PBXFileReference; explicitFileType = wrapper.application; includeInIndex = 0; path = Buckets.app; sourceTree = BUILT_PRODUCTS_DIR; };
		6EDB544C293659180054A42B /* BucketsApp.swift */ = {isa = PBXFileReference; lastKnownFileType = sourcecode.swift; path = BucketsApp.swift; sourceTree = "<group>"; };
		6EDB544E293659180054A42B /* ContentView.swift */ = {isa = PBXFileReference; lastKnownFileType = sourcecode.swift; path = ContentView.swift; sourceTree = "<group>"; };
		6EDB5450293659190054A42B /* Assets.xcassets */ = {isa = PBXFileReference; lastKnownFileType = folder.assetcatalog; path = Assets.xcassets; sourceTree = "<group>"; };
		6EDB5453293659190054A42B /* Preview Assets.xcassets */ = {isa = PBXFileReference; lastKnownFileType = folder.assetcatalog; path = "Preview Assets.xcassets"; sourceTree = "<group>"; };
		6EDB545C293659610054A42B /* Colors.xcassets */ = {isa = PBXFileReference; lastKnownFileType = folder.assetcatalog; path = Colors.xcassets; sourceTree = "<group>"; };
		6EDB545E29365AE80054A42B /* Images.xcassets */ = {isa = PBXFileReference; lastKnownFileType = folder.assetcatalog; path = Images.xcassets; sourceTree = "<group>"; };
		6EDB5466293668BD0054A42B /* OnBoardView.swift */ = {isa = PBXFileReference; lastKnownFileType = sourcecode.swift; path = OnBoardView.swift; sourceTree = "<group>"; };
		6EDB5469293745E70054A42B /* WelcomeView.swift */ = {isa = PBXFileReference; lastKnownFileType = sourcecode.swift; path = WelcomeView.swift; sourceTree = "<group>"; };
		6EE67D7E29374E2300878B6B /* Images.swift */ = {isa = PBXFileReference; lastKnownFileType = sourcecode.swift; path = Images.swift; sourceTree = "<group>"; };
		6EE67D8229374FCB00878B6B /* Colors.swift */ = {isa = PBXFileReference; lastKnownFileType = sourcecode.swift; path = Colors.swift; sourceTree = "<group>"; };
		6EE67D862937506B00878B6B /* Icons.swift */ = {isa = PBXFileReference; lastKnownFileType = sourcecode.swift; path = Icons.swift; sourceTree = "<group>"; };
		6EE67D8829375BEA00878B6B /* SocialLoginButton.swift */ = {isa = PBXFileReference; lastKnownFileType = sourcecode.swift; path = SocialLoginButton.swift; sourceTree = "<group>"; };
/* End PBXFileReference section */

/* Begin PBXFrameworksBuildPhase section */
		6EDB5446293659180054A42B /* Frameworks */ = {
			isa = PBXFrameworksBuildPhase;
			buildActionMask = 2147483647;
			files = (
			);
			runOnlyForDeploymentPostprocessing = 0;
		};
/* End PBXFrameworksBuildPhase section */

/* Begin PBXGroup section */
		6EDB5440293659180054A42B = {
			isa = PBXGroup;
			children = (
				6EDB544B293659180054A42B /* Buckets */,
				6EDB544A293659180054A42B /* Products */,
			);
			sourceTree = "<group>";
		};
		6EDB544A293659180054A42B /* Products */ = {
			isa = PBXGroup;
			children = (
				6EDB5449293659180054A42B /* Buckets.app */,
			);
			name = Products;
			sourceTree = "<group>";
		};
		6EDB544B293659180054A42B /* Buckets */ = {
			isa = PBXGroup;
			children = (
				6EE67D7B29374E0600878B6B /* Utils */,
				6EDB5462293668890054A42B /* Product */,
				6EDB54602936687A0054A42B /* Feature */,
				6EDB545A293659310054A42B /* Resources */,
				6EDB544C293659180054A42B /* BucketsApp.swift */,
				6EDB544E293659180054A42B /* ContentView.swift */,
				6EDB5452293659190054A42B /* Preview Content */,
			);
			path = Buckets;
			sourceTree = "<group>";
		};
		6EDB5452293659190054A42B /* Preview Content */ = {
			isa = PBXGroup;
			children = (
				6EDB5453293659190054A42B /* Preview Assets.xcassets */,
			);
			path = "Preview Content";
			sourceTree = "<group>";
		};
		6EDB545A293659310054A42B /* Resources */ = {
			isa = PBXGroup;
			children = (
				6EDB545B293659370054A42B /* Assets */,
			);
			path = Resources;
			sourceTree = "<group>";
		};
		6EDB545B293659370054A42B /* Assets */ = {
			isa = PBXGroup;
			children = (
				6EDB5450293659190054A42B /* Assets.xcassets */,
				6EDB545C293659610054A42B /* Colors.xcassets */,
				6EDB545E29365AE80054A42B /* Images.xcassets */,
			);
			path = Assets;
			sourceTree = "<group>";
		};
		6EDB54602936687A0054A42B /* Feature */ = {
			isa = PBXGroup;
			children = (
				6EDB54612936687F0054A42B /* Authentication */,
			);
			path = Feature;
			sourceTree = "<group>";
		};
		6EDB54612936687F0054A42B /* Authentication */ = {
			isa = PBXGroup;
			children = (
				6EDB5468293745BF0054A42B /* Welcome */,
				6EDB5465293668A40054A42B /* OnBoard */,
			);
			path = Authentication;
			sourceTree = "<group>";
		};
		6EDB5462293668890054A42B /* Product */ = {
			isa = PBXGroup;
			children = (
				6EDB54632936688F0054A42B /* Widget */,
			);
			path = Product;
			sourceTree = "<group>";
		};
		6EDB54632936688F0054A42B /* Widget */ = {
			isa = PBXGroup;
			children = (
				6EDB5464293668930054A42B /* SocialButton */,
			);
			path = Widget;
			sourceTree = "<group>";
		};
		6EDB5464293668930054A42B /* SocialButton */ = {
			isa = PBXGroup;
			children = (
				6EE67D8829375BEA00878B6B /* SocialLoginButton.swift */,
			);
			path = SocialButton;
			sourceTree = "<group>";
		};
		6EDB5465293668A40054A42B /* OnBoard */ = {
			isa = PBXGroup;
			children = (
				6EDB5466293668BD0054A42B /* OnBoardView.swift */,
			);
			path = OnBoard;
			sourceTree = "<group>";
		};
		6EDB5468293745BF0054A42B /* Welcome */ = {
			isa = PBXGroup;
			children = (
				6EDB5469293745E70054A42B /* WelcomeView.swift */,
			);
			path = Welcome;
			sourceTree = "<group>";
		};
		6EE67D7B29374E0600878B6B /* Utils */ = {
			isa = PBXGroup;
			children = (
				6EE67D8029374FB800878B6B /* Colors */,
				6EE67D7C29374E0B00878B6B /* Enums */,
			);
			path = Utils;
			sourceTree = "<group>";
		};
		6EE67D7C29374E0B00878B6B /* Enums */ = {
			isa = PBXGroup;
			children = (
				6EE67D842937505700878B6B /* Icons */,
				6EE67D7D29374E0F00878B6B /* Images */,
			);
			path = Enums;
			sourceTree = "<group>";
		};
		6EE67D7D29374E0F00878B6B /* Images */ = {
			isa = PBXGroup;
			children = (
				6EE67D7E29374E2300878B6B /* Images.swift */,
			);
			path = Images;
			sourceTree = "<group>";
		};
		6EE67D8029374FB800878B6B /* Colors */ = {
			isa = PBXGroup;
			children = (
				6EE67D8229374FCB00878B6B /* Colors.swift */,
			);
			path = Colors;
			sourceTree = "<group>";
		};
		6EE67D842937505700878B6B /* Icons */ = {
			isa = PBXGroup;
			children = (
				6EE67D862937506B00878B6B /* Icons.swift */,
			);
			path = Icons;
			sourceTree = "<group>";
		};
/* End PBXGroup section */

/* Begin PBXNativeTarget section */
		6EDB5448293659180054A42B /* Buckets */ = {
			isa = PBXNativeTarget;
			buildConfigurationList = 6EDB5457293659190054A42B /* Build configuration list for PBXNativeTarget "Buckets" */;
			buildPhases = (
				6EDB5445293659180054A42B /* Sources */,
				6EDB5446293659180054A42B /* Frameworks */,
				6EDB5447293659180054A42B /* Resources */,
			);
			buildRules = (
			);
			dependencies = (
			);
			name = Buckets;
			productName = Buckets;
			productReference = 6EDB5449293659180054A42B /* Buckets.app */;
			productType = "com.apple.product-type.application";
		};
/* End PBXNativeTarget section */

/* Begin PBXProject section */
		6EDB5441293659180054A42B /* Project object */ = {
			isa = PBXProject;
			attributes = {
				BuildIndependentTargetsInParallel = 1;
				LastSwiftUpdateCheck = 1400;
				LastUpgradeCheck = 1400;
				TargetAttributes = {
					6EDB5448293659180054A42B = {
						CreatedOnToolsVersion = 14.0.1;
					};
				};
			};
			buildConfigurationList = 6EDB5444293659180054A42B /* Build configuration list for PBXProject "Buckets" */;
			compatibilityVersion = "Xcode 14.0";
			developmentRegion = en;
			hasScannedForEncodings = 0;
			knownRegions = (
				en,
				Base,
			);
			mainGroup = 6EDB5440293659180054A42B;
			productRefGroup = 6EDB544A293659180054A42B /* Products */;
			projectDirPath = "";
			projectRoot = "";
			targets = (
				6EDB5448293659180054A42B /* Buckets */,
			);
		};
/* End PBXProject section */

/* Begin PBXResourcesBuildPhase section */
		6EDB5447293659180054A42B /* Resources */ = {
			isa = PBXResourcesBuildPhase;
			buildActionMask = 2147483647;
			files = (
				6EDB545D293659610054A42B /* Colors.xcassets in Resources */,
				6EDB545F29365AE80054A42B /* Images.xcassets in Resources */,
				6EDB5454293659190054A42B /* Preview Assets.xcassets in Resources */,
				6EDB5451293659190054A42B /* Assets.xcassets in Resources */,
			);
			runOnlyForDeploymentPostprocessing = 0;
		};
/* End PBXResourcesBuildPhase section */

/* Begin PBXSourcesBuildPhase section */
		6EDB5445293659180054A42B /* Sources */ = {
			isa = PBXSourcesBuildPhase;
			buildActionMask = 2147483647;
			files = (
				6EE67D872937506B00878B6B /* Icons.swift in Sources */,
				6EDB544F293659180054A42B /* ContentView.swift in Sources */,
				6EE67D8929375BEA00878B6B /* SocialLoginButton.swift in Sources */,
				6EE67D8329374FCB00878B6B /* Colors.swift in Sources */,
				6EDB544D293659180054A42B /* BucketsApp.swift in Sources */,
				6EE67D7F29374E2300878B6B /* Images.swift in Sources */,
				6EDB5467293668BD0054A42B /* OnBoardView.swift in Sources */,
				6EDB546A293745E70054A42B /* WelcomeView.swift in Sources */,
			);
			runOnlyForDeploymentPostprocessing = 0;
		};
/* End PBXSourcesBuildPhase section */

/* Begin XCBuildConfiguration section */
		6EDB5455293659190054A42B /* Debug */ = {
			isa = XCBuildConfiguration;
			buildSettings = {
				ALWAYS_SEARCH_USER_PATHS = NO;
				CLANG_ANALYZER_NONNULL = YES;
				CLANG_ANALYZER_NUMBER_OBJECT_CONVERSION = YES_AGGRESSIVE;
				CLANG_CXX_LANGUAGE_STANDARD = "gnu++20";
				CLANG_ENABLE_MODULES = YES;
				CLANG_ENABLE_OBJC_ARC = YES;
				CLANG_ENABLE_OBJC_WEAK = YES;
				CLANG_WARN_BLOCK_CAPTURE_AUTORELEASING = YES;
				CLANG_WARN_BOOL_CONVERSION = YES;
				CLANG_WARN_COMMA = YES;
				CLANG_WARN_CONSTANT_CONVERSION = YES;
				CLANG_WARN_DEPRECATED_OBJC_IMPLEMENTATIONS = YES;
				CLANG_WARN_DIRECT_OBJC_ISA_USAGE = YES_ERROR;
				CLANG_WARN_DOCUMENTATION_COMMENTS = YES;
				CLANG_WARN_EMPTY_BODY = YES;
				CLANG_WARN_ENUM_CONVERSION = YES;
				CLANG_WARN_INFINITE_RECURSION = YES;
				CLANG_WARN_INT_CONVERSION = YES;
				CLANG_WARN_NON_LITERAL_NULL_CONVERSION = YES;
				CLANG_WARN_OBJC_IMPLICIT_RETAIN_SELF = YES;
				CLANG_WARN_OBJC_LITERAL_CONVERSION = YES;
				CLANG_WARN_OBJC_ROOT_CLASS = YES_ERROR;
				CLANG_WARN_QUOTED_INCLUDE_IN_FRAMEWORK_HEADER = YES;
				CLANG_WARN_RANGE_LOOP_ANALYSIS = YES;
				CLANG_WARN_STRICT_PROTOTYPES = YES;
				CLANG_WARN_SUSPICIOUS_MOVE = YES;
				CLANG_WARN_UNGUARDED_AVAILABILITY = YES_AGGRESSIVE;
				CLANG_WARN_UNREACHABLE_CODE = YES;
				CLANG_WARN__DUPLICATE_METHOD_MATCH = YES;
				COPY_PHASE_STRIP = NO;
				DEBUG_INFORMATION_FORMAT = dwarf;
				ENABLE_STRICT_OBJC_MSGSEND = YES;
				ENABLE_TESTABILITY = YES;
				GCC_C_LANGUAGE_STANDARD = gnu11;
				GCC_DYNAMIC_NO_PIC = NO;
				GCC_NO_COMMON_BLOCKS = YES;
				GCC_OPTIMIZATION_LEVEL = 0;
				GCC_PREPROCESSOR_DEFINITIONS = (
					"DEBUG=1",
					"$(inherited)",
				);
				GCC_WARN_64_TO_32_BIT_CONVERSION = YES;
				GCC_WARN_ABOUT_RETURN_TYPE = YES_ERROR;
				GCC_WARN_UNDECLARED_SELECTOR = YES;
				GCC_WARN_UNINITIALIZED_AUTOS = YES_AGGRESSIVE;
				GCC_WARN_UNUSED_FUNCTION = YES;
				GCC_WARN_UNUSED_VARIABLE = YES;
				IPHONEOS_DEPLOYMENT_TARGET = 16.0;
				MTL_ENABLE_DEBUG_INFO = INCLUDE_SOURCE;
				MTL_FAST_MATH = YES;
				ONLY_ACTIVE_ARCH = YES;
				SDKROOT = iphoneos;
				SWIFT_ACTIVE_COMPILATION_CONDITIONS = DEBUG;
				SWIFT_OPTIMIZATION_LEVEL = "-Onone";
			};
			name = Debug;
		};
		6EDB5456293659190054A42B /* Release */ = {
			isa = XCBuildConfiguration;
			buildSettings = {
				ALWAYS_SEARCH_USER_PATHS = NO;
				CLANG_ANALYZER_NONNULL = YES;
				CLANG_ANALYZER_NUMBER_OBJECT_CONVERSION = YES_AGGRESSIVE;
				CLANG_CXX_LANGUAGE_STANDARD = "gnu++20";
				CLANG_ENABLE_MODULES = YES;
				CLANG_ENABLE_OBJC_ARC = YES;
				CLANG_ENABLE_OBJC_WEAK = YES;
				CLANG_WARN_BLOCK_CAPTURE_AUTORELEASING = YES;
				CLANG_WARN_BOOL_CONVERSION = YES;
				CLANG_WARN_COMMA = YES;
				CLANG_WARN_CONSTANT_CONVERSION = YES;
				CLANG_WARN_DEPRECATED_OBJC_IMPLEMENTATIONS = YES;
				CLANG_WARN_DIRECT_OBJC_ISA_USAGE = YES_ERROR;
				CLANG_WARN_DOCUMENTATION_COMMENTS = YES;
				CLANG_WARN_EMPTY_BODY = YES;
				CLANG_WARN_ENUM_CONVERSION = YES;
				CLANG_WARN_INFINITE_RECURSION = YES;
				CLANG_WARN_INT_CONVERSION = YES;
				CLANG_WARN_NON_LITERAL_NULL_CONVERSION = YES;
				CLANG_WARN_OBJC_IMPLICIT_RETAIN_SELF = YES;
				CLANG_WARN_OBJC_LITERAL_CONVERSION = YES;
				CLANG_WARN_OBJC_ROOT_CLASS = YES_ERROR;
				CLANG_WARN_QUOTED_INCLUDE_IN_FRAMEWORK_HEADER = YES;
				CLANG_WARN_RANGE_LOOP_ANALYSIS = YES;
				CLANG_WARN_STRICT_PROTOTYPES = YES;
				CLANG_WARN_SUSPICIOUS_MOVE = YES;
				CLANG_WARN_UNGUARDED_AVAILABILITY = YES_AGGRESSIVE;
				CLANG_WARN_UNREACHABLE_CODE = YES;
				CLANG_WARN__DUPLICATE_METHOD_MATCH = YES;
				COPY_PHASE_STRIP = NO;
				DEBUG_INFORMATION_FORMAT = "dwarf-with-dsym";
				ENABLE_NS_ASSERTIONS = NO;
				ENABLE_STRICT_OBJC_MSGSEND = YES;
				GCC_C_LANGUAGE_STANDARD = gnu11;
				GCC_NO_COMMON_BLOCKS = YES;
				GCC_WARN_64_TO_32_BIT_CONVERSION = YES;
				GCC_WARN_ABOUT_RETURN_TYPE = YES_ERROR;
				GCC_WARN_UNDECLARED_SELECTOR = YES;
				GCC_WARN_UNINITIALIZED_AUTOS = YES_AGGRESSIVE;
				GCC_WARN_UNUSED_FUNCTION = YES;
				GCC_WARN_UNUSED_VARIABLE = YES;
				IPHONEOS_DEPLOYMENT_TARGET = 16.0;
				MTL_ENABLE_DEBUG_INFO = NO;
				MTL_FAST_MATH = YES;
				SDKROOT = iphoneos;
				SWIFT_COMPILATION_MODE = wholemodule;
				SWIFT_OPTIMIZATION_LEVEL = "-O";
				VALIDATE_PRODUCT = YES;
			};
			name = Release;
		};
		6EDB5458293659190054A42B /* Debug */ = {
			isa = XCBuildConfiguration;
			buildSettings = {
				ASSETCATALOG_COMPILER_APPICON_NAME = AppIcon;
				ASSETCATALOG_COMPILER_GLOBAL_ACCENT_COLOR_NAME = AccentColor;
				CODE_SIGN_STYLE = Automatic;
				CURRENT_PROJECT_VERSION = 1;
				DEVELOPMENT_ASSET_PATHS = "\"Buckets/Preview Content\"";
				DEVELOPMENT_TEAM = 9FCSJXZ95F;
				ENABLE_PREVIEWS = YES;
				GENERATE_INFOPLIST_FILE = YES;
				INFOPLIST_KEY_UIApplicationSceneManifest_Generation = YES;
				INFOPLIST_KEY_UIApplicationSupportsIndirectInputEvents = YES;
				INFOPLIST_KEY_UILaunchScreen_Generation = YES;
				INFOPLIST_KEY_UISupportedInterfaceOrientations_iPad = "UIInterfaceOrientationPortrait UIInterfaceOrientationPortraitUpsideDown UIInterfaceOrientationLandscapeLeft UIInterfaceOrientationLandscapeRight";
				INFOPLIST_KEY_UISupportedInterfaceOrientations_iPhone = "UIInterfaceOrientationPortrait UIInterfaceOrientationLandscapeLeft UIInterfaceOrientationLandscapeRight";
				LD_RUNPATH_SEARCH_PATHS = (
					"$(inherited)",
					"@executable_path/Frameworks",
				);
				MARKETING_VERSION = 1.0;
				PRODUCT_BUNDLE_IDENTIFIER = com.sdogan.Buckets;
				PRODUCT_NAME = "$(TARGET_NAME)";
				SWIFT_EMIT_LOC_STRINGS = YES;
				SWIFT_VERSION = 5.0;
				TARGETED_DEVICE_FAMILY = "1,2";
			};
			name = Debug;
		};
		6EDB5459293659190054A42B /* Release */ = {
			isa = XCBuildConfiguration;
			buildSettings = {
				ASSETCATALOG_COMPILER_APPICON_NAME = AppIcon;
				ASSETCATALOG_COMPILER_GLOBAL_ACCENT_COLOR_NAME = AccentColor;
				CODE_SIGN_STYLE = Automatic;
				CURRENT_PROJECT_VERSION = 1;
				DEVELOPMENT_ASSET_PATHS = "\"Buckets/Preview Content\"";
				DEVELOPMENT_TEAM = 9FCSJXZ95F;
				ENABLE_PREVIEWS = YES;
				GENERATE_INFOPLIST_FILE = YES;
				INFOPLIST_KEY_UIApplicationSceneManifest_Generation = YES;
				INFOPLIST_KEY_UIApplicationSupportsIndirectInputEvents = YES;
				INFOPLIST_KEY_UILaunchScreen_Generation = YES;
				INFOPLIST_KEY_UISupportedInterfaceOrientations_iPad = "UIInterfaceOrientationPortrait UIInterfaceOrientationPortraitUpsideDown UIInterfaceOrientationLandscapeLeft UIInterfaceOrientationLandscapeRight";
				INFOPLIST_KEY_UISupportedInterfaceOrientations_iPhone = "UIInterfaceOrientationPortrait UIInterfaceOrientationLandscapeLeft UIInterfaceOrientationLandscapeRight";
				LD_RUNPATH_SEARCH_PATHS = (
					"$(inherited)",
					"@executable_path/Frameworks",
				);
				MARKETING_VERSION = 1.0;
				PRODUCT_BUNDLE_IDENTIFIER = com.sdogan.Buckets;
				PRODUCT_NAME = "$(TARGET_NAME)";
				SWIFT_EMIT_LOC_STRINGS = YES;
				SWIFT_VERSION = 5.0;
				TARGETED_DEVICE_FAMILY = "1,2";
			};
			name = Release;
		};
/* End XCBuildConfiguration section */

/* Begin XCConfigurationList section */
		6EDB5444293659180054A42B /* Build configuration list for PBXProject "Buckets" */ = {
			isa = XCConfigurationList;
			buildConfigurations = (
				6EDB5455293659190054A42B /* Debug */,
				6EDB5456293659190054A42B /* Release */,
			);
			defaultConfigurationIsVisible = 0;
			defaultConfigurationName = Release;
		};
		6EDB5457293659190054A42B /* Build configuration list for PBXNativeTarget "Buckets" */ = {
			isa = XCConfigurationList;
			buildConfigurations = (
				6EDB5458293659190054A42B /* Debug */,
				6EDB5459293659190054A42B /* Release */,
			);
			defaultConfigurationIsVisible = 0;
			defaultConfigurationName = Release;
		};
/* End XCConfigurationList section */
	};
	rootObject = 6EDB5441293659180054A42B /* Project object */;
}
